// !$*UTF8*$!
{
	archiveVersion = 1;
	classes = {
	};
	objectVersion = 46;
	objects = {

/* Begin PBXBuildFile section */
		BE6F26301E14A024006CDBAE /* OpenGL.framework in Frameworks */ = {isa = PBXBuildFile; fileRef = BE6F262F1E14A024006CDBAE /* OpenGL.framework */; };
		BE6F26361E14A086006CDBAE /* glew.h in Frameworks */ = {isa = PBXBuildFile; fileRef = BE6F26351E14A086006CDBAE /* glew.h */; };
		BE6F26381E14A0AB006CDBAE /* glfw3.h in Frameworks */ = {isa = PBXBuildFile; fileRef = BE6F26371E14A0AB006CDBAE /* glfw3.h */; };
		BED6B0BE1E10DDCC0001D909 /* main.cpp in Sources */ = {isa = PBXBuildFile; fileRef = BED6B0BD1E10DDCC0001D909 /* main.cpp */; };
		BEE824D91E299FAD00C1CAA4 /* GLUT.framework in Frameworks */ = {isa = PBXBuildFile; fileRef = BEE824D81E299FAD00C1CAA4 /* GLUT.framework */; };
		BEE824E41E29B5F000C1CAA4 /* libGLEW.2.0.0.dylib in Frameworks */ = {isa = PBXBuildFile; fileRef = BEE824E31E29B5F000C1CAA4 /* libGLEW.2.0.0.dylib */; };
		BEE824E61E29B60400C1CAA4 /* libglfw.3.2.dylib in Frameworks */ = {isa = PBXBuildFile; fileRef = BEE824E51E29B60400C1CAA4 /* libglfw.3.2.dylib */; };
/* End PBXBuildFile section */

/* Begin PBXCopyFilesBuildPhase section */
		BE2900C71E0E276500EED0D8 /* CopyFiles */ = {
			isa = PBXCopyFilesBuildPhase;
			buildActionMask = 2147483647;
			dstPath = /usr/share/man/man1/;
			dstSubfolderSpec = 0;
			files = (
			);
			runOnlyForDeploymentPostprocessing = 1;
		};
/* End PBXCopyFilesBuildPhase section */

/* Begin PBXFileReference section */
		BE2900C91E0E276500EED0D8 /* OpenGL */ = {isa = PBXFileReference; explicitFileType = "compiled.mach-o.executable"; includeInIndex = 0; path = OpenGL; sourceTree = BUILT_PRODUCTS_DIR; };
		BE6F262F1E14A024006CDBAE /* OpenGL.framework */ = {isa = PBXFileReference; lastKnownFileType = wrapper.framework; name = OpenGL.framework; path = System/Library/Frameworks/OpenGL.framework; sourceTree = SDKROOT; };
		BE6F26351E14A086006CDBAE /* glew.h */ = {isa = PBXFileReference; lastKnownFileType = sourcecode.c.h; name = glew.h; path = /usr/local/Cellar/glew/2.0.0/include/GL/glew.h; sourceTree = "<absolute>"; };
		BE6F26371E14A0AB006CDBAE /* glfw3.h */ = {isa = PBXFileReference; lastKnownFileType = sourcecode.c.h; name = glfw3.h; path = /usr/local/Cellar/glfw/3.2.1/include/GLFW/glfw3.h; sourceTree = "<absolute>"; };
		BED6B0BD1E10DDCC0001D909 /* main.cpp */ = {isa = PBXFileReference; fileEncoding = 4; lastKnownFileType = sourcecode.cpp.cpp; path = main.cpp; sourceTree = "<group>"; };
		BEE824D81E299FAD00C1CAA4 /* GLUT.framework */ = {isa = PBXFileReference; lastKnownFileType = wrapper.framework; name = GLUT.framework; path = System/Library/Frameworks/GLUT.framework; sourceTree = SDKROOT; };
		BEE824E31E29B5F000C1CAA4 /* libGLEW.2.0.0.dylib */ = {isa = PBXFileReference; lastKnownFileType = "compiled.mach-o.dylib"; name = libGLEW.2.0.0.dylib; path = ../../../../../usr/local/Cellar/glew/2.0.0/lib/libGLEW.2.0.0.dylib; sourceTree = "<group>"; };
		BEE824E51E29B60400C1CAA4 /* libglfw.3.2.dylib */ = {isa = PBXFileReference; lastKnownFileType = "compiled.mach-o.dylib"; name = libglfw.3.2.dylib; path = ../../../../../usr/local/Cellar/glfw/3.2.1/lib/libglfw.3.2.dylib; sourceTree = "<group>"; };
/* End PBXFileReference section */

/* Begin PBXFrameworksBuildPhase section */
		BE2900C61E0E276500EED0D8 /* Frameworks */ = {
			isa = PBXFrameworksBuildPhase;
			buildActionMask = 2147483647;
			files = (
				BEE824E61E29B60400C1CAA4 /* libglfw.3.2.dylib in Frameworks */,
				BEE824E41E29B5F000C1CAA4 /* libGLEW.2.0.0.dylib in Frameworks */,
				BEE824D91E299FAD00C1CAA4 /* GLUT.framework in Frameworks */,
				BE6F26381E14A0AB006CDBAE /* glfw3.h in Frameworks */,
				BE6F26361E14A086006CDBAE /* glew.h in Frameworks */,
				BE6F26301E14A024006CDBAE /* OpenGL.framework in Frameworks */,
			);
			runOnlyForDeploymentPostprocessing = 0;
		};
/* End PBXFrameworksBuildPhase section */

/* Begin PBXGroup section */
		BE2900C01E0E276500EED0D8 = {
			isa = PBXGroup;
			children = (
				BE2900CB1E0E276500EED0D8 /* OpenGL */,
				BE2900CA1E0E276500EED0D8 /* Products */,
				BE6F262E1E149ED6006CDBAE /* Frameworks */,
			);
			sourceTree = "<group>";
		};
		BE2900CA1E0E276500EED0D8 /* Products */ = {
			isa = PBXGroup;
			children = (
				BE2900C91E0E276500EED0D8 /* OpenGL */,
			);
			name = Products;
			sourceTree = "<group>";
		};
		BE2900CB1E0E276500EED0D8 /* OpenGL */ = {
			isa = PBXGroup;
			children = (
				BE6F26351E14A086006CDBAE /* glew.h */,
				BE6F26371E14A0AB006CDBAE /* glfw3.h */,
				BED6B0BD1E10DDCC0001D909 /* main.cpp */,
			);
			path = OpenGL;
			sourceTree = "<group>";
		};
		BE6F262E1E149ED6006CDBAE /* Frameworks */ = {
			isa = PBXGroup;
			children = (
				BEE824E51E29B60400C1CAA4 /* libglfw.3.2.dylib */,
				BEE824E31E29B5F000C1CAA4 /* libGLEW.2.0.0.dylib */,
				BEE824D81E299FAD00C1CAA4 /* GLUT.framework */,
				BE6F262F1E14A024006CDBAE /* OpenGL.framework */,
			);
			name = Frameworks;
			sourceTree = "<group>";
		};
/* End PBXGroup section */

/* Begin PBXNativeTarget section */
		BE2900C81E0E276500EED0D8 /* OpenGL */ = {
			isa = PBXNativeTarget;
			buildConfigurationList = BE2900D01E0E276600EED0D8 /* Build configuration list for PBXNativeTarget "OpenGL" */;
			buildPhases = (
				BE2900C51E0E276500EED0D8 /* Sources */,
				BE2900C61E0E276500EED0D8 /* Frameworks */,
				BE2900C71E0E276500EED0D8 /* CopyFiles */,
			);
			buildRules = (
			);
			dependencies = (
			);
			name = OpenGL;
			productName = OpenGL;
			productReference = BE2900C91E0E276500EED0D8 /* OpenGL */;
			productType = "com.apple.product-type.tool";
		};
/* End PBXNativeTarget section */

/* Begin PBXProject section */
		BE2900C11E0E276500EED0D8 /* Project object */ = {
			isa = PBXProject;
			attributes = {
				LastUpgradeCheck = 0820;
				ORGANIZATIONNAME = ucdavis;
				TargetAttributes = {
					BE2900C81E0E276500EED0D8 = {
						CreatedOnToolsVersion = 8.2.1;
						DevelopmentTeam = 44752ZVYW2;
						ProvisioningStyle = Automatic;
					};
				};
			};
			buildConfigurationList = BE2900C41E0E276500EED0D8 /* Build configuration list for PBXProject "OpenGL" */;
			compatibilityVersion = "Xcode 3.2";
			developmentRegion = English;
			hasScannedForEncodings = 0;
			knownRegions = (
				en,
			);
			mainGroup = BE2900C01E0E276500EED0D8;
			productRefGroup = BE2900CA1E0E276500EED0D8 /* Products */;
			projectDirPath = "";
			projectRoot = "";
			targets = (
				BE2900C81E0E276500EED0D8 /* OpenGL */,
			);
		};
/* End PBXProject section */

/* Begin PBXSourcesBuildPhase section */
		BE2900C51E0E276500EED0D8 /* Sources */ = {
			isa = PBXSourcesBuildPhase;
			buildActionMask = 2147483647;
			files = (
				BED6B0BE1E10DDCC0001D909 /* main.cpp in Sources */,
			);
			runOnlyForDeploymentPostprocessing = 0;
		};
/* End PBXSourcesBuildPhase section */

/* Begin XCBuildConfiguration section */
		BE2900CE1E0E276600EED0D8 /* Debug */ = {
			isa = XCBuildConfiguration;
			buildSettings = {
				ALWAYS_SEARCH_USER_PATHS = NO;
				CLANG_ANALYZER_NONNULL = YES;
				CLANG_CXX_LANGUAGE_STANDARD = "gnu++0x";
				CLANG_CXX_LIBRARY = "libc++";
				CLANG_ENABLE_MODULES = YES;
				CLANG_ENABLE_OBJC_ARC = YES;
				CLANG_WARN_BOOL_CONVERSION = YES;
				CLANG_WARN_CONSTANT_CONVERSION = YES;
				CLANG_WARN_DIRECT_OBJC_ISA_USAGE = YES_ERROR;
				CLANG_WARN_DOCUMENTATION_COMMENTS = YES;
				CLANG_WARN_EMPTY_BODY = YES;
				CLANG_WARN_ENUM_CONVERSION = YES;
				CLANG_WARN_INFINITE_RECURSION = YES;
				CLANG_WARN_INT_CONVERSION = YES;
				CLANG_WARN_OBJC_ROOT_CLASS = YES_ERROR;
				CLANG_WARN_SUSPICIOUS_MOVE = YES;
				CLANG_WARN_UNREACHABLE_CODE = YES;
				CLANG_WARN__DUPLICATE_METHOD_MATCH = YES;
				CODE_SIGN_IDENTITY = "-";
				COPY_PHASE_STRIP = NO;
				DEBUG_INFORMATION_FORMAT = dwarf;
				ENABLE_STRICT_OBJC_MSGSEND = YES;
				ENABLE_TESTABILITY = YES;
				GCC_C_LANGUAGE_STANDARD = gnu99;
				GCC_DYNAMIC_NO_PIC = NO;
				GCC_NO_COMMON_BLOCKS = YES;
				GCC_OPTIMIZATION_LEVEL = 0;
				GCC_PREPROCESSOR_DEFINITIONS = (
					"DEBUG=1",
					"$(inherited)",
				);
				GCC_WARN_64_TO_32_BIT_CONVERSION = YES;
				GCC_WARN_ABOUT_RETURN_TYPE = YES_ERROR;
				GCC_WARN_UNDECLARED_SELECTOR = YES;
				GCC_WARN_UNINITIALIZED_AUTOS = YES_AGGRESSIVE;
				GCC_WARN_UNUSED_FUNCTION = YES;
				GCC_WARN_UNUSED_VARIABLE = YES;
				MACOSX_DEPLOYMENT_TARGET = 10.12;
				MTL_ENABLE_DEBUG_INFO = YES;
				ONLY_ACTIVE_ARCH = YES;
				SDKROOT = macosx;
			};
			name = Debug;
		};
		BE2900CF1E0E276600EED0D8 /* Release */ = {
			isa = XCBuildConfiguration;
			buildSettings = {
				ALWAYS_SEARCH_USER_PATHS = NO;
				CLANG_ANALYZER_NONNULL = YES;
				CLANG_CXX_LANGUAGE_STANDARD = "gnu++0x";
				CLANG_CXX_LIBRARY = "libc++";
				CLANG_ENABLE_MODULES = YES;
				CLANG_ENABLE_OBJC_ARC = YES;
				CLANG_WARN_BOOL_CONVERSION = YES;
				CLANG_WARN_CONSTANT_CONVERSION = YES;
				CLANG_WARN_DIRECT_OBJC_ISA_USAGE = YES_ERROR;
				CLANG_WARN_DOCUMENTATION_COMMENTS = YES;
				CLANG_WARN_EMPTY_BODY = YES;
				CLANG_WARN_ENUM_CONVERSION = YES;
				CLANG_WARN_INFINITE_RECURSION = YES;
				CLANG_WARN_INT_CONVERSION = YES;
				CLANG_WARN_OBJC_ROOT_CLASS = YES_ERROR;
				CLANG_WARN_SUSPICIOUS_MOVE = YES;
				CLANG_WARN_UNREACHABLE_CODE = YES;
				CLANG_WARN__DUPLICATE_METHOD_MATCH = YES;
				CODE_SIGN_IDENTITY = "-";
				COPY_PHASE_STRIP = NO;
				DEBUG_INFORMATION_FORMAT = "dwarf-with-dsym";
				ENABLE_NS_ASSERTIONS = NO;
				ENABLE_STRICT_OBJC_MSGSEND = YES;
				GCC_C_LANGUAGE_STANDARD = gnu99;
				GCC_NO_COMMON_BLOCKS = YES;
				GCC_WARN_64_TO_32_BIT_CONVERSION = YES;
				GCC_WARN_ABOUT_RETURN_TYPE = YES_ERROR;
				GCC_WARN_UNDECLARED_SELECTOR = YES;
				GCC_WARN_UNINITIALIZED_AUTOS = YES_AGGRESSIVE;
				GCC_WARN_UNUSED_FUNCTION = YES;
				GCC_WARN_UNUSED_VARIABLE = YES;
				MACOSX_DEPLOYMENT_TARGET = 10.12;
				MTL_ENABLE_DEBUG_INFO = NO;
				SDKROOT = macosx;
			};
			name = Release;
		};
		BE2900D11E0E276600EED0D8 /* Debug */ = {
			isa = XCBuildConfiguration;
			buildSettings = {
				DEVELOPMENT_TEAM = 44752ZVYW2;
				LIBRARY_SEARCH_PATHS = (
					"$(inherited)",
					/usr/local/Cellar/glew/2.0.0/lib,
					/usr/local/Cellar/glfw/3.2.1/lib,
					/usr/local/lib,
				);
				PRODUCT_NAME = "$(TARGET_NAME)";
			};
			name = Debug;
		};
		BE2900D21E0E276600EED0D8 /* Release */ = {
			isa = XCBuildConfiguration;
			buildSettings = {
				DEVELOPMENT_TEAM = 44752ZVYW2;
				LIBRARY_SEARCH_PATHS = (
					"$(inherited)",
					/usr/local/Cellar/glew/2.0.0/lib,
					/usr/local/Cellar/glfw/3.2.1/lib,
					/usr/local/lib,
				);
				PRODUCT_NAME = "$(TARGET_NAME)";
			};
			name = Release;
		};
/* End XCBuildConfiguration section */

/* Begin XCConfigurationList section */
		BE2900C41E0E276500EED0D8 /* Build configuration list for PBXProject "OpenGL" */ = {
			isa = XCConfigurationList;
			buildConfigurations = (
				BE2900CE1E0E276600EED0D8 /* Debug */,
				BE2900CF1E0E276600EED0D8 /* Release */,
			);
			defaultConfigurationIsVisible = 0;
			defaultConfigurationName = Release;
		};
		BE2900D01E0E276600EED0D8 /* Build configuration list for PBXNativeTarget "OpenGL" */ = {
			isa = XCConfigurationList;
			buildConfigurations = (
				BE2900D11E0E276600EED0D8 /* Debug */,
				BE2900D21E0E276600EED0D8 /* Release */,
			);
			defaultConfigurationIsVisible = 0;
			defaultConfigurationName = Release;
		};
/* End XCConfigurationList section */
	};
	rootObject = BE2900C11E0E276500EED0D8 /* Project object */;
}
